
Microsoft Visual Studio Solution File, Format Version 12.00
# Visual Studio Version 16
VisualStudioVersion = 16.0.29709.97
MinimumVisualStudioVersion = 10.0.40219.1
Project("{FAE04EC0-301F-11D3-BF4B-00C04F79EFBC}") = "Employee_TestApp", "RSHB_TestApp\Employee_TestApp.csproj", "{F77A440D-A6E1-47F8-8059-C58288FD8953}"
EndProject
Global
	GlobalSection(SolutionConfigurationPlatforms) = preSolution
		Debug|Any CPU = Debug|Any CPU
		Release|Any CPU = Release|Any CPU
	EndGlobalSection
	GlobalSection(ProjectConfigurationPlatforms) = postSolution
		{F77A440D-A6E1-47F8-8059-C58288FD8953}.Debug|Any CPU.ActiveCfg = Debug|Any CPU
		{F77A440D-A6E1-47F8-8059-C58288FD8953}.Debug|Any CPU.Build.0 = Debug|Any CPU
		{F77A440D-A6E1-47F8-8059-C58288FD8953}.Release|Any CPU.ActiveCfg = Release|Any CPU
		{F77A440D-A6E1-47F8-8059-C58288FD8953}.Release|Any CPU.Build.0 = Release|Any CPU
	EndGlobalSection
	GlobalSection(SolutionProperties) = preSolution
		HideSolutionNode = FALSE
	EndGlobalSection
	GlobalSection(ExtensibilityGlobals) = postSolution
		SolutionGuid = {CC8D1754-FF0A-47F5-BD53-3FEC2E4BA688}
	EndGlobalSection
EndGlobal
